
Microsoft Visual Studio Solution File, Format Version 12.00
# Visual Studio Version 17
VisualStudioVersion = 17.6.33815.320
MinimumVisualStudioVersion = 10.0.40219.1
Project("{FAE04EC0-301F-11D3-BF4B-00C04F79EFBC}") = "IWantApp", "IWantApp.csproj", "{D1C34184-987D-4E1C-9192-D99DC1C18824}"
EndProject
Global
	GlobalSection(SolutionConfigurationPlatforms) = preSolution
		Debug|Any CPU = Debug|Any CPU
		Release|Any CPU = Release|Any CPU
	EndGlobalSection
	GlobalSection(ProjectConfigurationPlatforms) = postSolution
		{D1C34184-987D-4E1C-9192-D99DC1C18824}.Debug|Any CPU.ActiveCfg = Debug|Any CPU
		{D1C34184-987D-4E1C-9192-D99DC1C18824}.Debug|Any CPU.Build.0 = Debug|Any CPU
		{D1C34184-987D-4E1C-9192-D99DC1C18824}.Release|Any CPU.ActiveCfg = Release|Any CPU
		{D1C34184-987D-4E1C-9192-D99DC1C18824}.Release|Any CPU.Build.0 = Release|Any CPU
	EndGlobalSection
	GlobalSection(SolutionProperties) = preSolution
		HideSolutionNode = FALSE
	EndGlobalSection
	GlobalSection(ExtensibilityGlobals) = postSolution
		SolutionGuid = {449C0907-82A5-4C3F-AF87-136568801015}
	EndGlobalSection
EndGlobal
